// !$*UTF8*$!
{
	archiveVersion = 1;
	classes = {
	};
	objectVersion = 51;
	objects = {

/* Begin PBXBuildFile section */
		62A4FA9BB231E8B35F997512 /* libPods-StupidCamera.a in Frameworks */ = {isa = PBXBuildFile; fileRef = FDF6F9AA22D6AD5A49BE28D9 /* libPods-StupidCamera.a */; };
		FC6A35532624358100CA4434 /* AppDelegate.m in Sources */ = {isa = PBXBuildFile; fileRef = FC6A35522624358100CA4434 /* AppDelegate.m */; };
		FC6A35562624358100CA4434 /* SceneDelegate.m in Sources */ = {isa = PBXBuildFile; fileRef = FC6A35552624358100CA4434 /* SceneDelegate.m */; };
		FC6A35592624358100CA4434 /* ViewController.m in Sources */ = {isa = PBXBuildFile; fileRef = FC6A35582624358100CA4434 /* ViewController.m */; };
		FC6A355C2624358100CA4434 /* Main.storyboard in Resources */ = {isa = PBXBuildFile; fileRef = FC6A355A2624358100CA4434 /* Main.storyboard */; };
		FC6A355E2624358100CA4434 /* Assets.xcassets in Resources */ = {isa = PBXBuildFile; fileRef = FC6A355D2624358100CA4434 /* Assets.xcassets */; };
		FC6A35612624358100CA4434 /* LaunchScreen.storyboard in Resources */ = {isa = PBXBuildFile; fileRef = FC6A355F2624358100CA4434 /* LaunchScreen.storyboard */; };
		FC6A35642624358100CA4434 /* main.m in Sources */ = {isa = PBXBuildFile; fileRef = FC6A35632624358100CA4434 /* main.m */; };
		FC794A99262446E1009E46A6 /* CameraViewController.m in Sources */ = {isa = PBXBuildFile; fileRef = FC794A97262446E1009E46A6 /* CameraViewController.m */; };
		FCEF78E32626961D00F20ED0 /* EditPhotoViewController.m in Sources */ = {isa = PBXBuildFile; fileRef = FCEF78E12626961D00F20ED0 /* EditPhotoViewController.m */; };
		FCEF78EB2626C31700F20ED0 /* BaseViewController.m in Sources */ = {isa = PBXBuildFile; fileRef = FCEF78EA2626C31700F20ED0 /* BaseViewController.m */; };
		FCEF7A9C2626E10300F20ED0 /* GPUImageBaseFilter.mm in Sources */ = {isa = PBXBuildFile; fileRef = FCEF7A9B2626E10300F20ED0 /* GPUImageBaseFilter.mm */; };
		FCEF7AFA2627047C00F20ED0 /* SCFilterBase.cpp in Sources */ = {isa = PBXBuildFile; fileRef = FCEF7AF22627047C00F20ED0 /* SCFilterBase.cpp */; };
		FCEF7AFB2627047C00F20ED0 /* SCBaseGLUtils.cpp in Sources */ = {isa = PBXBuildFile; fileRef = FCEF7AF52627047C00F20ED0 /* SCBaseGLUtils.cpp */; };
		FCEF7AFC2627047C00F20ED0 /* SCBaseLog.cpp in Sources */ = {isa = PBXBuildFile; fileRef = FCEF7AF72627047C00F20ED0 /* SCBaseLog.cpp */; };
		FCEF7AFD2627047C00F20ED0 /* SCFilterCopy.cpp in Sources */ = {isa = PBXBuildFile; fileRef = FCEF7AF82627047C00F20ED0 /* SCFilterCopy.cpp */; };
		FCEF7B0B26270E7200F20ED0 /* SCFilterLut.cpp in Sources */ = {isa = PBXBuildFile; fileRef = FCEF7B0926270E7200F20ED0 /* SCFilterLut.cpp */; };
		FCEF7B10262710B900F20ED0 /* FileUtilsForIOS.mm in Sources */ = {isa = PBXBuildFile; fileRef = FCEF7B0F262710B900F20ED0 /* FileUtilsForIOS.mm */; };
		FCEF7B162627181D00F20ED0 /* GPUImageLutFilter.mm in Sources */ = {isa = PBXBuildFile; fileRef = FCEF7B152627181D00F20ED0 /* GPUImageLutFilter.mm */; };
		FCEF7B5626297CE600F20ED0 /* SCFilterPoint.cpp in Sources */ = {isa = PBXBuildFile; fileRef = FCEF7B5426297CE600F20ED0 /* SCFilterPoint.cpp */; };
		FCEF7B5B2629820B00F20ED0 /* GPUImageFacePointFilter..mm in Sources */ = {isa = PBXBuildFile; fileRef = FCEF7B5A2629820B00F20ED0 /* GPUImageFacePointFilter..mm */; };
/* End PBXBuildFile section */

/* Begin PBXFileReference section */
		0DFE828F9FB7D34B38FA0C91 /* Pods-StupidCamera.debug.xcconfig */ = {isa = PBXFileReference; includeInIndex = 1; lastKnownFileType = text.xcconfig; name = "Pods-StupidCamera.debug.xcconfig"; path = "Target Support Files/Pods-StupidCamera/Pods-StupidCamera.debug.xcconfig"; sourceTree = "<group>"; };
		FC6A354E2624358100CA4434 /* StupidCamera.app */ = {isa = PBXFileReference; explicitFileType = wrapper.application; includeInIndex = 0; path = StupidCamera.app; sourceTree = BUILT_PRODUCTS_DIR; };
		FC6A35512624358100CA4434 /* AppDelegate.h */ = {isa = PBXFileReference; lastKnownFileType = sourcecode.c.h; path = AppDelegate.h; sourceTree = "<group>"; };
		FC6A35522624358100CA4434 /* AppDelegate.m */ = {isa = PBXFileReference; lastKnownFileType = sourcecode.c.objc; path = AppDelegate.m; sourceTree = "<group>"; };
		FC6A35542624358100CA4434 /* SceneDelegate.h */ = {isa = PBXFileReference; lastKnownFileType = sourcecode.c.h; path = SceneDelegate.h; sourceTree = "<group>"; };
		FC6A35552624358100CA4434 /* SceneDelegate.m */ = {isa = PBXFileReference; lastKnownFileType = sourcecode.c.objc; path = SceneDelegate.m; sourceTree = "<group>"; };
		FC6A35572624358100CA4434 /* ViewController.h */ = {isa = PBXFileReference; lastKnownFileType = sourcecode.c.h; path = ViewController.h; sourceTree = "<group>"; };
		FC6A35582624358100CA4434 /* ViewController.m */ = {isa = PBXFileReference; lastKnownFileType = sourcecode.c.objc; path = ViewController.m; sourceTree = "<group>"; };
		FC6A355B2624358100CA4434 /* Base */ = {isa = PBXFileReference; lastKnownFileType = file.storyboard; name = Base; path = Base.lproj/Main.storyboard; sourceTree = "<group>"; };
		FC6A355D2624358100CA4434 /* Assets.xcassets */ = {isa = PBXFileReference; lastKnownFileType = folder.assetcatalog; path = Assets.xcassets; sourceTree = "<group>"; };
		FC6A35602624358100CA4434 /* Base */ = {isa = PBXFileReference; lastKnownFileType = file.storyboard; name = Base; path = Base.lproj/LaunchScreen.storyboard; sourceTree = "<group>"; };
		FC6A35622624358100CA4434 /* Info.plist */ = {isa = PBXFileReference; lastKnownFileType = text.plist.xml; path = Info.plist; sourceTree = "<group>"; };
		FC6A35632624358100CA4434 /* main.m */ = {isa = PBXFileReference; lastKnownFileType = sourcecode.c.objc; path = main.m; sourceTree = "<group>"; };
		FC794A96262446E1009E46A6 /* CameraViewController.h */ = {isa = PBXFileReference; lastKnownFileType = sourcecode.c.h; path = CameraViewController.h; sourceTree = "<group>"; };
		FC794A97262446E1009E46A6 /* CameraViewController.m */ = {isa = PBXFileReference; lastKnownFileType = sourcecode.c.objc; path = CameraViewController.m; sourceTree = "<group>"; };
		FCEF78E02626961D00F20ED0 /* EditPhotoViewController.h */ = {isa = PBXFileReference; lastKnownFileType = sourcecode.c.h; path = EditPhotoViewController.h; sourceTree = "<group>"; };
		FCEF78E12626961D00F20ED0 /* EditPhotoViewController.m */ = {isa = PBXFileReference; lastKnownFileType = sourcecode.c.objc; path = EditPhotoViewController.m; sourceTree = "<group>"; };
		FCEF78E92626C31700F20ED0 /* BaseViewController.h */ = {isa = PBXFileReference; lastKnownFileType = sourcecode.c.h; path = BaseViewController.h; sourceTree = "<group>"; };
		FCEF78EA2626C31700F20ED0 /* BaseViewController.m */ = {isa = PBXFileReference; lastKnownFileType = sourcecode.c.objc; path = BaseViewController.m; sourceTree = "<group>"; };
		FCEF7A9A2626E10300F20ED0 /* GPUImageBaseFilter.h */ = {isa = PBXFileReference; lastKnownFileType = sourcecode.c.h; path = GPUImageBaseFilter.h; sourceTree = "<group>"; };
		FCEF7A9B2626E10300F20ED0 /* GPUImageBaseFilter.mm */ = {isa = PBXFileReference; lastKnownFileType = sourcecode.cpp.objcpp; path = GPUImageBaseFilter.mm; sourceTree = "<group>"; };
		FCEF7AF12627047C00F20ED0 /* SCBaseLog.h */ = {isa = PBXFileReference; fileEncoding = 4; lastKnownFileType = sourcecode.c.h; path = SCBaseLog.h; sourceTree = "<group>"; };
		FCEF7AF22627047C00F20ED0 /* SCFilterBase.cpp */ = {isa = PBXFileReference; fileEncoding = 4; lastKnownFileType = sourcecode.cpp.cpp; path = SCFilterBase.cpp; sourceTree = "<group>"; };
		FCEF7AF32627047C00F20ED0 /* SCFilterCopy.hpp */ = {isa = PBXFileReference; fileEncoding = 4; lastKnownFileType = sourcecode.cpp.h; path = SCFilterCopy.hpp; sourceTree = "<group>"; };
		FCEF7AF42627047C00F20ED0 /* SCBaseDefine.h */ = {isa = PBXFileReference; fileEncoding = 4; lastKnownFileType = sourcecode.c.h; path = SCBaseDefine.h; sourceTree = "<group>"; };
		FCEF7AF52627047C00F20ED0 /* SCBaseGLUtils.cpp */ = {isa = PBXFileReference; fileEncoding = 4; lastKnownFileType = sourcecode.cpp.cpp; path = SCBaseGLUtils.cpp; sourceTree = "<group>"; };
		FCEF7AF62627047C00F20ED0 /* SCFilterBase.hpp */ = {isa = PBXFileReference; fileEncoding = 4; lastKnownFileType = sourcecode.cpp.h; path = SCFilterBase.hpp; sourceTree = "<group>"; };
		FCEF7AF72627047C00F20ED0 /* SCBaseLog.cpp */ = {isa = PBXFileReference; fileEncoding = 4; lastKnownFileType = sourcecode.cpp.cpp; path = SCBaseLog.cpp; sourceTree = "<group>"; };
		FCEF7AF82627047C00F20ED0 /* SCFilterCopy.cpp */ = {isa = PBXFileReference; fileEncoding = 4; lastKnownFileType = sourcecode.cpp.cpp; path = SCFilterCopy.cpp; sourceTree = "<group>"; };
		FCEF7AF92627047C00F20ED0 /* SCBaseGLUtils.hpp */ = {isa = PBXFileReference; fileEncoding = 4; lastKnownFileType = sourcecode.cpp.h; path = SCBaseGLUtils.hpp; sourceTree = "<group>"; };
		FCEF7B0926270E7200F20ED0 /* SCFilterLut.cpp */ = {isa = PBXFileReference; lastKnownFileType = sourcecode.cpp.cpp; path = SCFilterLut.cpp; sourceTree = "<group>"; };
		FCEF7B0A26270E7200F20ED0 /* SCFilterLut.hpp */ = {isa = PBXFileReference; lastKnownFileType = sourcecode.cpp.h; path = SCFilterLut.hpp; sourceTree = "<group>"; };
		FCEF7B0E262710B900F20ED0 /* FileUtilsForIOS.h */ = {isa = PBXFileReference; lastKnownFileType = sourcecode.c.h; path = FileUtilsForIOS.h; sourceTree = "<group>"; };
		FCEF7B0F262710B900F20ED0 /* FileUtilsForIOS.mm */ = {isa = PBXFileReference; lastKnownFileType = sourcecode.cpp.objcpp; path = FileUtilsForIOS.mm; sourceTree = "<group>"; };
		FCEF7B142627181D00F20ED0 /* GPUImageLutFilter.h */ = {isa = PBXFileReference; lastKnownFileType = sourcecode.c.h; path = GPUImageLutFilter.h; sourceTree = "<group>"; };
		FCEF7B152627181D00F20ED0 /* GPUImageLutFilter.mm */ = {isa = PBXFileReference; lastKnownFileType = sourcecode.cpp.objcpp; path = GPUImageLutFilter.mm; sourceTree = "<group>"; };
		FCEF7B4E262970E100F20ED0 /* SCFaceData.hpp */ = {isa = PBXFileReference; lastKnownFileType = sourcecode.cpp.h; path = SCFaceData.hpp; sourceTree = "<group>"; };
		FCEF7B5426297CE600F20ED0 /* SCFilterPoint.cpp */ = {isa = PBXFileReference; lastKnownFileType = sourcecode.cpp.cpp; path = SCFilterPoint.cpp; sourceTree = "<group>"; };
		FCEF7B5526297CE600F20ED0 /* SCFilterPoint.hpp */ = {isa = PBXFileReference; lastKnownFileType = sourcecode.cpp.h; path = SCFilterPoint.hpp; sourceTree = "<group>"; };
		FCEF7B592629820B00F20ED0 /* GPUImageFacePointFilter.h */ = {isa = PBXFileReference; lastKnownFileType = sourcecode.c.h; path = GPUImageFacePointFilter.h; sourceTree = "<group>"; };
		FCEF7B5A2629820B00F20ED0 /* GPUImageFacePointFilter..mm */ = {isa = PBXFileReference; lastKnownFileType = sourcecode.cpp.objcpp; path = GPUImageFacePointFilter..mm; sourceTree = "<group>"; };
		FDF6F9AA22D6AD5A49BE28D9 /* libPods-StupidCamera.a */ = {isa = PBXFileReference; explicitFileType = archive.ar; includeInIndex = 0; path = "libPods-StupidCamera.a"; sourceTree = BUILT_PRODUCTS_DIR; };
		FEBA510C13E34FF132EAE5D0 /* Pods-StupidCamera.release.xcconfig */ = {isa = PBXFileReference; includeInIndex = 1; lastKnownFileType = text.xcconfig; name = "Pods-StupidCamera.release.xcconfig"; path = "Target Support Files/Pods-StupidCamera/Pods-StupidCamera.release.xcconfig"; sourceTree = "<group>"; };
/* End PBXFileReference section */

/* Begin PBXFrameworksBuildPhase section */
		FC6A354B2624358100CA4434 /* Frameworks */ = {
			isa = PBXFrameworksBuildPhase;
			buildActionMask = 2147483647;
			files = (
				62A4FA9BB231E8B35F997512 /* libPods-StupidCamera.a in Frameworks */,
			);
			runOnlyForDeploymentPostprocessing = 0;
		};
/* End PBXFrameworksBuildPhase section */

/* Begin PBXGroup section */
		4FF61262739EE8D0565CC1A6 /* Frameworks */ = {
			isa = PBXGroup;
			children = (
				FDF6F9AA22D6AD5A49BE28D9 /* libPods-StupidCamera.a */,
			);
			name = Frameworks;
			sourceTree = "<group>";
		};
		712F004BBF0E3CDCE92ED728 /* Pods */ = {
			isa = PBXGroup;
			children = (
				0DFE828F9FB7D34B38FA0C91 /* Pods-StupidCamera.debug.xcconfig */,
				FEBA510C13E34FF132EAE5D0 /* Pods-StupidCamera.release.xcconfig */,
			);
			path = Pods;
			sourceTree = "<group>";
		};
		FC6A35452624358100CA4434 = {
			isa = PBXGroup;
			children = (
				FC6A35502624358100CA4434 /* StupidCamera */,
				FC6A354F2624358100CA4434 /* Products */,
				712F004BBF0E3CDCE92ED728 /* Pods */,
				4FF61262739EE8D0565CC1A6 /* Frameworks */,
			);
			sourceTree = "<group>";
		};
		FC6A354F2624358100CA4434 /* Products */ = {
			isa = PBXGroup;
			children = (
				FC6A354E2624358100CA4434 /* StupidCamera.app */,
			);
			name = Products;
			sourceTree = "<group>";
		};
		FC6A35502624358100CA4434 /* StupidCamera */ = {
			isa = PBXGroup;
			children = (
				FCEF7AF02627045700F20ED0 /* OpenGL */,
				FC6A35512624358100CA4434 /* AppDelegate.h */,
				FC6A35522624358100CA4434 /* AppDelegate.m */,
				FC6A35542624358100CA4434 /* SceneDelegate.h */,
				FC6A35552624358100CA4434 /* SceneDelegate.m */,
				FC6A35572624358100CA4434 /* ViewController.h */,
				FC6A35582624358100CA4434 /* ViewController.m */,
				FC6A355A2624358100CA4434 /* Main.storyboard */,
				FC6A355D2624358100CA4434 /* Assets.xcassets */,
				FC6A355F2624358100CA4434 /* LaunchScreen.storyboard */,
				FC6A35622624358100CA4434 /* Info.plist */,
				FC6A35632624358100CA4434 /* main.m */,
				FC794A96262446E1009E46A6 /* CameraViewController.h */,
				FC794A97262446E1009E46A6 /* CameraViewController.m */,
				FCEF78E02626961D00F20ED0 /* EditPhotoViewController.h */,
				FCEF78E12626961D00F20ED0 /* EditPhotoViewController.m */,
				FCEF78E92626C31700F20ED0 /* BaseViewController.h */,
				FCEF78EA2626C31700F20ED0 /* BaseViewController.m */,
				FCEF7A9A2626E10300F20ED0 /* GPUImageBaseFilter.h */,
				FCEF7A9B2626E10300F20ED0 /* GPUImageBaseFilter.mm */,
				FCEF7B142627181D00F20ED0 /* GPUImageLutFilter.h */,
				FCEF7B152627181D00F20ED0 /* GPUImageLutFilter.mm */,
				FCEF7B592629820B00F20ED0 /* GPUImageFacePointFilter.h */,
				FCEF7B5A2629820B00F20ED0 /* GPUImageFacePointFilter..mm */,
			);
			path = StupidCamera;
			sourceTree = "<group>";
		};
		FCEF7AF02627045700F20ED0 /* OpenGL */ = {
			isa = PBXGroup;
			children = (
				FCEF7B0D2627104800F20ED0 /* platform */,
				FCEF7AF42627047C00F20ED0 /* SCBaseDefine.h */,
				FCEF7AF52627047C00F20ED0 /* SCBaseGLUtils.cpp */,
				FCEF7AF92627047C00F20ED0 /* SCBaseGLUtils.hpp */,
				FCEF7AF72627047C00F20ED0 /* SCBaseLog.cpp */,
				FCEF7AF12627047C00F20ED0 /* SCBaseLog.h */,
				FCEF7AF22627047C00F20ED0 /* SCFilterBase.cpp */,
				FCEF7AF62627047C00F20ED0 /* SCFilterBase.hpp */,
				FCEF7AF82627047C00F20ED0 /* SCFilterCopy.cpp */,
				FCEF7AF32627047C00F20ED0 /* SCFilterCopy.hpp */,
				FCEF7B0926270E7200F20ED0 /* SCFilterLut.cpp */,
				FCEF7B0A26270E7200F20ED0 /* SCFilterLut.hpp */,
				FCEF7B5426297CE600F20ED0 /* SCFilterPoint.cpp */,
				FCEF7B5526297CE600F20ED0 /* SCFilterPoint.hpp */,
				FCEF7B4E262970E100F20ED0 /* SCFaceData.hpp */,
			);
			path = OpenGL;
			sourceTree = "<group>";
		};
		FCEF7B0D2627104800F20ED0 /* platform */ = {
			isa = PBXGroup;
			children = (
				FCEF7B0E262710B900F20ED0 /* FileUtilsForIOS.h */,
				FCEF7B0F262710B900F20ED0 /* FileUtilsForIOS.mm */,
			);
			path = platform;
			sourceTree = "<group>";
		};
/* End PBXGroup section */

/* Begin PBXNativeTarget section */
		FC6A354D2624358100CA4434 /* StupidCamera */ = {
			isa = PBXNativeTarget;
			buildConfigurationList = FC6A35672624358100CA4434 /* Build configuration list for PBXNativeTarget "StupidCamera" */;
			buildPhases = (
				78D6AB5130D009C58B10EBE5 /* [CP] Check Pods Manifest.lock */,
				FC6A354A2624358100CA4434 /* Sources */,
				FC6A354B2624358100CA4434 /* Frameworks */,
				FC6A354C2624358100CA4434 /* Resources */,
				79CDCEE854949DA5FFB79BD0 /* [CP] Copy Pods Resources */,
			);
			buildRules = (
			);
			dependencies = (
			);
			name = StupidCamera;
			productName = StupidCamera;
			productReference = FC6A354E2624358100CA4434 /* StupidCamera.app */;
			productType = "com.apple.product-type.application";
		};
/* End PBXNativeTarget section */

/* Begin PBXProject section */
		FC6A35462624358100CA4434 /* Project object */ = {
			isa = PBXProject;
			attributes = {
				LastUpgradeCheck = 1230;
				TargetAttributes = {
					FC6A354D2624358100CA4434 = {
						CreatedOnToolsVersion = 12.3;
					};
				};
			};
			buildConfigurationList = FC6A35492624358100CA4434 /* Build configuration list for PBXProject "StupidCamera" */;
			compatibilityVersion = "Xcode 9.3";
			developmentRegion = en;
			hasScannedForEncodings = 0;
			knownRegions = (
				en,
				Base,
			);
			mainGroup = FC6A35452624358100CA4434;
			productRefGroup = FC6A354F2624358100CA4434 /* Products */;
			projectDirPath = "";
			projectRoot = "";
			targets = (
				FC6A354D2624358100CA4434 /* StupidCamera */,
			);
		};
/* End PBXProject section */

/* Begin PBXResourcesBuildPhase section */
		FC6A354C2624358100CA4434 /* Resources */ = {
			isa = PBXResourcesBuildPhase;
			buildActionMask = 2147483647;
			files = (
				FC6A35612624358100CA4434 /* LaunchScreen.storyboard in Resources */,
				FC6A355E2624358100CA4434 /* Assets.xcassets in Resources */,
				FC6A355C2624358100CA4434 /* Main.storyboard in Resources */,
			);
			runOnlyForDeploymentPostprocessing = 0;
		};
/* End PBXResourcesBuildPhase section */

/* Begin PBXShellScriptBuildPhase section */
		78D6AB5130D009C58B10EBE5 /* [CP] Check Pods Manifest.lock */ = {
			isa = PBXShellScriptBuildPhase;
			buildActionMask = 2147483647;
			files = (
			);
			inputFileListPaths = (
			);
			inputPaths = (
				"${PODS_PODFILE_DIR_PATH}/Podfile.lock",
				"${PODS_ROOT}/Manifest.lock",
			);
			name = "[CP] Check Pods Manifest.lock";
			outputFileListPaths = (
			);
			outputPaths = (
				"$(DERIVED_FILE_DIR)/Pods-StupidCamera-checkManifestLockResult.txt",
			);
			runOnlyForDeploymentPostprocessing = 0;
			shellPath = /bin/sh;
			shellScript = "diff \"${PODS_PODFILE_DIR_PATH}/Podfile.lock\" \"${PODS_ROOT}/Manifest.lock\" > /dev/null\nif [ $? != 0 ] ; then\n    # print error to STDERR\n    echo \"error: The sandbox is not in sync with the Podfile.lock. Run 'pod install' or update your CocoaPods installation.\" >&2\n    exit 1\nfi\n# This output is used by Xcode 'outputs' to avoid re-running this script phase.\necho \"SUCCESS\" > \"${SCRIPT_OUTPUT_FILE_0}\"\n";
			showEnvVarsInLog = 0;
		};
		79CDCEE854949DA5FFB79BD0 /* [CP] Copy Pods Resources */ = {
			isa = PBXShellScriptBuildPhase;
			buildActionMask = 2147483647;
			files = (
			);
			inputFileListPaths = (
				"${PODS_ROOT}/Target Support Files/Pods-StupidCamera/Pods-StupidCamera-resources-${CONFIGURATION}-input-files.xcfilelist",
			);
			name = "[CP] Copy Pods Resources";
			outputFileListPaths = (
				"${PODS_ROOT}/Target Support Files/Pods-StupidCamera/Pods-StupidCamera-resources-${CONFIGURATION}-output-files.xcfilelist",
			);
			runOnlyForDeploymentPostprocessing = 0;
			shellPath = /bin/sh;
			shellScript = "\"${PODS_ROOT}/Target Support Files/Pods-StupidCamera/Pods-StupidCamera-resources.sh\"\n";
			showEnvVarsInLog = 0;
		};
/* End PBXShellScriptBuildPhase section */

/* Begin PBXSourcesBuildPhase section */
		FC6A354A2624358100CA4434 /* Sources */ = {
			isa = PBXSourcesBuildPhase;
			buildActionMask = 2147483647;
			files = (
				FCEF7B162627181D00F20ED0 /* GPUImageLutFilter.mm in Sources */,
				FCEF7AFB2627047C00F20ED0 /* SCBaseGLUtils.cpp in Sources */,
				FCEF78E32626961D00F20ED0 /* EditPhotoViewController.m in Sources */,
				FCEF7B0B26270E7200F20ED0 /* SCFilterLut.cpp in Sources */,
				FCEF7A9C2626E10300F20ED0 /* GPUImageBaseFilter.mm in Sources */,
				FC794A99262446E1009E46A6 /* CameraViewController.m in Sources */,
				FC6A35592624358100CA4434 /* ViewController.m in Sources */,
				FCEF7AFA2627047C00F20ED0 /* SCFilterBase.cpp in Sources */,
				FCEF7B5B2629820B00F20ED0 /* GPUImageFacePointFilter..mm in Sources */,
				FCEF7B5626297CE600F20ED0 /* SCFilterPoint.cpp in Sources */,
				FC6A35532624358100CA4434 /* AppDelegate.m in Sources */,
				FC6A35642624358100CA4434 /* main.m in Sources */,
				FCEF7B10262710B900F20ED0 /* FileUtilsForIOS.mm in Sources */,
				FCEF7AFC2627047C00F20ED0 /* SCBaseLog.cpp in Sources */,
				FCEF78EB2626C31700F20ED0 /* BaseViewController.m in Sources */,
				FC6A35562624358100CA4434 /* SceneDelegate.m in Sources */,
				FCEF7AFD2627047C00F20ED0 /* SCFilterCopy.cpp in Sources */,
			);
			runOnlyForDeploymentPostprocessing = 0;
		};
/* End PBXSourcesBuildPhase section */

/* Begin PBXVariantGroup section */
		FC6A355A2624358100CA4434 /* Main.storyboard */ = {
			isa = PBXVariantGroup;
			children = (
				FC6A355B2624358100CA4434 /* Base */,
			);
			name = Main.storyboard;
			sourceTree = "<group>";
		};
		FC6A355F2624358100CA4434 /* LaunchScreen.storyboard */ = {
			isa = PBXVariantGroup;
			children = (
				FC6A35602624358100CA4434 /* Base */,
			);
			name = LaunchScreen.storyboard;
			sourceTree = "<group>";
		};
/* End PBXVariantGroup section */

/* Begin XCBuildConfiguration section */
		FC6A35652624358100CA4434 /* Debug */ = {
			isa = XCBuildConfiguration;
			buildSettings = {
				ALWAYS_SEARCH_USER_PATHS = NO;
				CLANG_ANALYZER_NONNULL = YES;
				CLANG_ANALYZER_NUMBER_OBJECT_CONVERSION = YES_AGGRESSIVE;
				CLANG_CXX_LANGUAGE_STANDARD = "gnu++14";
				CLANG_CXX_LIBRARY = "libc++";
				CLANG_ENABLE_MODULES = YES;
				CLANG_ENABLE_OBJC_ARC = YES;
				CLANG_ENABLE_OBJC_WEAK = YES;
				CLANG_WARN_BLOCK_CAPTURE_AUTORELEASING = YES;
				CLANG_WARN_BOOL_CONVERSION = YES;
				CLANG_WARN_COMMA = YES;
				CLANG_WARN_CONSTANT_CONVERSION = YES;
				CLANG_WARN_DEPRECATED_OBJC_IMPLEMENTATIONS = YES;
				CLANG_WARN_DIRECT_OBJC_ISA_USAGE = YES_ERROR;
				CLANG_WARN_DOCUMENTATION_COMMENTS = YES;
				CLANG_WARN_EMPTY_BODY = YES;
				CLANG_WARN_ENUM_CONVERSION = YES;
				CLANG_WARN_INFINITE_RECURSION = YES;
				CLANG_WARN_INT_CONVERSION = YES;
				CLANG_WARN_NON_LITERAL_NULL_CONVERSION = YES;
				CLANG_WARN_OBJC_IMPLICIT_RETAIN_SELF = YES;
				CLANG_WARN_OBJC_LITERAL_CONVERSION = YES;
				CLANG_WARN_OBJC_ROOT_CLASS = YES_ERROR;
				CLANG_WARN_QUOTED_INCLUDE_IN_FRAMEWORK_HEADER = YES;
				CLANG_WARN_RANGE_LOOP_ANALYSIS = YES;
				CLANG_WARN_STRICT_PROTOTYPES = YES;
				CLANG_WARN_SUSPICIOUS_MOVE = YES;
				CLANG_WARN_UNGUARDED_AVAILABILITY = YES_AGGRESSIVE;
				CLANG_WARN_UNREACHABLE_CODE = YES;
				CLANG_WARN__DUPLICATE_METHOD_MATCH = YES;
				COPY_PHASE_STRIP = NO;
				DEBUG_INFORMATION_FORMAT = dwarf;
				ENABLE_STRICT_OBJC_MSGSEND = YES;
				ENABLE_TESTABILITY = YES;
				GCC_C_LANGUAGE_STANDARD = gnu11;
				GCC_DYNAMIC_NO_PIC = NO;
				GCC_NO_COMMON_BLOCKS = YES;
				GCC_OPTIMIZATION_LEVEL = 0;
				GCC_PREPROCESSOR_DEFINITIONS = (
					"DEBUG=1",
					"$(inherited)",
				);
				GCC_WARN_64_TO_32_BIT_CONVERSION = YES;
				GCC_WARN_ABOUT_RETURN_TYPE = YES_ERROR;
				GCC_WARN_UNDECLARED_SELECTOR = YES;
				GCC_WARN_UNINITIALIZED_AUTOS = YES_AGGRESSIVE;
				GCC_WARN_UNUSED_FUNCTION = YES;
				GCC_WARN_UNUSED_VARIABLE = YES;
				IPHONEOS_DEPLOYMENT_TARGET = 14.3;
				MTL_ENABLE_DEBUG_INFO = INCLUDE_SOURCE;
				MTL_FAST_MATH = YES;
				ONLY_ACTIVE_ARCH = YES;
				SDKROOT = iphoneos;
			};
			name = Debug;
		};
		FC6A35662624358100CA4434 /* Release */ = {
			isa = XCBuildConfiguration;
			buildSettings = {
				ALWAYS_SEARCH_USER_PATHS = NO;
				CLANG_ANALYZER_NONNULL = YES;
				CLANG_ANALYZER_NUMBER_OBJECT_CONVERSION = YES_AGGRESSIVE;
				CLANG_CXX_LANGUAGE_STANDARD = "gnu++14";
				CLANG_CXX_LIBRARY = "libc++";
				CLANG_ENABLE_MODULES = YES;
				CLANG_ENABLE_OBJC_ARC = YES;
				CLANG_ENABLE_OBJC_WEAK = YES;
				CLANG_WARN_BLOCK_CAPTURE_AUTORELEASING = YES;
				CLANG_WARN_BOOL_CONVERSION = YES;
				CLANG_WARN_COMMA = YES;
				CLANG_WARN_CONSTANT_CONVERSION = YES;
				CLANG_WARN_DEPRECATED_OBJC_IMPLEMENTATIONS = YES;
				CLANG_WARN_DIRECT_OBJC_ISA_USAGE = YES_ERROR;
				CLANG_WARN_DOCUMENTATION_COMMENTS = YES;
				CLANG_WARN_EMPTY_BODY = YES;
				CLANG_WARN_ENUM_CONVERSION = YES;
				CLANG_WARN_INFINITE_RECURSION = YES;
				CLANG_WARN_INT_CONVERSION = YES;
				CLANG_WARN_NON_LITERAL_NULL_CONVERSION = YES;
				CLANG_WARN_OBJC_IMPLICIT_RETAIN_SELF = YES;
				CLANG_WARN_OBJC_LITERAL_CONVERSION = YES;
				CLANG_WARN_OBJC_ROOT_CLASS = YES_ERROR;
				CLANG_WARN_QUOTED_INCLUDE_IN_FRAMEWORK_HEADER = YES;
				CLANG_WARN_RANGE_LOOP_ANALYSIS = YES;
				CLANG_WARN_STRICT_PROTOTYPES = YES;
				CLANG_WARN_SUSPICIOUS_MOVE = YES;
				CLANG_WARN_UNGUARDED_AVAILABILITY = YES_AGGRESSIVE;
				CLANG_WARN_UNREACHABLE_CODE = YES;
				CLANG_WARN__DUPLICATE_METHOD_MATCH = YES;
				COPY_PHASE_STRIP = NO;
				DEBUG_INFORMATION_FORMAT = "dwarf-with-dsym";
				ENABLE_NS_ASSERTIONS = NO;
				ENABLE_STRICT_OBJC_MSGSEND = YES;
				GCC_C_LANGUAGE_STANDARD = gnu11;
				GCC_NO_COMMON_BLOCKS = YES;
				GCC_WARN_64_TO_32_BIT_CONVERSION = YES;
				GCC_WARN_ABOUT_RETURN_TYPE = YES_ERROR;
				GCC_WARN_UNDECLARED_SELECTOR = YES;
				GCC_WARN_UNINITIALIZED_AUTOS = YES_AGGRESSIVE;
				GCC_WARN_UNUSED_FUNCTION = YES;
				GCC_WARN_UNUSED_VARIABLE = YES;
				IPHONEOS_DEPLOYMENT_TARGET = 14.3;
				MTL_ENABLE_DEBUG_INFO = NO;
				MTL_FAST_MATH = YES;
				SDKROOT = iphoneos;
				VALIDATE_PRODUCT = YES;
			};
			name = Release;
		};
		FC6A35682624358100CA4434 /* Debug */ = {
			isa = XCBuildConfiguration;
			baseConfigurationReference = 0DFE828F9FB7D34B38FA0C91 /* Pods-StupidCamera.debug.xcconfig */;
			buildSettings = {
				ASSETCATALOG_COMPILER_APPICON_NAME = AppIcon;
				ASSETCATALOG_COMPILER_GLOBAL_ACCENT_COLOR_NAME = AccentColor;
				CODE_SIGN_STYLE = Automatic;
				DEVELOPMENT_TEAM = WR652HR2XM;
				INFOPLIST_FILE = StupidCamera/Info.plist;
				IPHONEOS_DEPLOYMENT_TARGET = 13.0;
				LD_RUNPATH_SEARCH_PATHS = (
					"$(inherited)",
					"@executable_path/Frameworks",
				);
				PRODUCT_BUNDLE_IDENTIFIER = com.rayyyhuang.StupidCamera;
				PRODUCT_NAME = "$(TARGET_NAME)";
				TARGETED_DEVICE_FAMILY = 1;
			};
			name = Debug;
		};
		FC6A35692624358100CA4434 /* Release */ = {
			isa = XCBuildConfiguration;
			baseConfigurationReference = FEBA510C13E34FF132EAE5D0 /* Pods-StupidCamera.release.xcconfig */;
			buildSettings = {
				ASSETCATALOG_COMPILER_APPICON_NAME = AppIcon;
				ASSETCATALOG_COMPILER_GLOBAL_ACCENT_COLOR_NAME = AccentColor;
				CODE_SIGN_STYLE = Automatic;
				DEVELOPMENT_TEAM = WR652HR2XM;
				INFOPLIST_FILE = StupidCamera/Info.plist;
				IPHONEOS_DEPLOYMENT_TARGET = 13.0;
				LD_RUNPATH_SEARCH_PATHS = (
					"$(inherited)",
					"@executable_path/Frameworks",
				);
				PRODUCT_BUNDLE_IDENTIFIER = com.rayyyhuang.StupidCamera;
				PRODUCT_NAME = "$(TARGET_NAME)";
				TARGETED_DEVICE_FAMILY = 1;
			};
			name = Release;
		};
/* End XCBuildConfiguration section */

/* Begin XCConfigurationList section */
		FC6A35492624358100CA4434 /* Build configuration list for PBXProject "StupidCamera" */ = {
			isa = XCConfigurationList;
			buildConfigurations = (
				FC6A35652624358100CA4434 /* Debug */,
				FC6A35662624358100CA4434 /* Release */,
			);
			defaultConfigurationIsVisible = 0;
			defaultConfigurationName = Release;
		};
		FC6A35672624358100CA4434 /* Build configuration list for PBXNativeTarget "StupidCamera" */ = {
			isa = XCConfigurationList;
			buildConfigurations = (
				FC6A35682624358100CA4434 /* Debug */,
				FC6A35692624358100CA4434 /* Release */,
			);
			defaultConfigurationIsVisible = 0;
			defaultConfigurationName = Release;
		};
/* End XCConfigurationList section */
	};
	rootObject = FC6A35462624358100CA4434 /* Project object */;
}
